// !$*UTF8*$!
{
	archiveVersion = 1;
	classes = {
	};
	objectVersion = 50;
	objects = {

/* Begin PBXBuildFile section */
		870C2ADB24468B1A0044516B /* FilesPDF in Resources */ = {isa = PBXBuildFile; fileRef = 870C2ADA24468B1A0044516B /* FilesPDF */; };
		870C2ADD24469C860044516B /* WebViewController.swift in Sources */ = {isa = PBXBuildFile; fileRef = 870C2ADC24469C860044516B /* WebViewController.swift */; };
		870C2ADF2446A2620044516B /* TypeRequestEnum.swift in Sources */ = {isa = PBXBuildFile; fileRef = 870C2ADE2446A2620044516B /* TypeRequestEnum.swift */; };
		877F780C2446861200447BCE /* WebTableViewController.swift in Sources */ = {isa = PBXBuildFile; fileRef = 877F780B2446861200447BCE /* WebTableViewController.swift */; };
		877F780E2446869500447BCE /* Section.swift in Sources */ = {isa = PBXBuildFile; fileRef = 877F780D2446869500447BCE /* Section.swift */; };
		87DCA4602446548B00ECAEF8 /* AppDelegate.swift in Sources */ = {isa = PBXBuildFile; fileRef = 87DCA45F2446548B00ECAEF8 /* AppDelegate.swift */; };
		87DCA4622446548B00ECAEF8 /* SceneDelegate.swift in Sources */ = {isa = PBXBuildFile; fileRef = 87DCA4612446548B00ECAEF8 /* SceneDelegate.swift */; };
		87DCA4692446548C00ECAEF8 /* Assets.xcassets in Resources */ = {isa = PBXBuildFile; fileRef = 87DCA4682446548C00ECAEF8 /* Assets.xcassets */; };
		87DCA46C2446548C00ECAEF8 /* LaunchScreen.storyboard in Resources */ = {isa = PBXBuildFile; fileRef = 87DCA46A2446548C00ECAEF8 /* LaunchScreen.storyboard */; };
/* End PBXBuildFile section */

/* Begin PBXFileReference section */
		870C2ADA24468B1A0044516B /* FilesPDF */ = {isa = PBXFileReference; lastKnownFileType = folder; path = FilesPDF; sourceTree = "<group>"; };
		870C2ADC24469C860044516B /* WebViewController.swift */ = {isa = PBXFileReference; lastKnownFileType = sourcecode.swift; path = WebViewController.swift; sourceTree = "<group>"; };
		870C2ADE2446A2620044516B /* TypeRequestEnum.swift */ = {isa = PBXFileReference; lastKnownFileType = sourcecode.swift; path = TypeRequestEnum.swift; sourceTree = "<group>"; };
		877F780B2446861200447BCE /* WebTableViewController.swift */ = {isa = PBXFileReference; lastKnownFileType = sourcecode.swift; path = WebTableViewController.swift; sourceTree = "<group>"; };
		877F780D2446869500447BCE /* Section.swift */ = {isa = PBXFileReference; lastKnownFileType = sourcecode.swift; path = Section.swift; sourceTree = "<group>"; };
		87DCA45C2446548B00ECAEF8 /* HW39WKWebView.app */ = {isa = PBXFileReference; explicitFileType = wrapper.application; includeInIndex = 0; path = HW39WKWebView.app; sourceTree = BUILT_PRODUCTS_DIR; };
		87DCA45F2446548B00ECAEF8 /* AppDelegate.swift */ = {isa = PBXFileReference; lastKnownFileType = sourcecode.swift; path = AppDelegate.swift; sourceTree = "<group>"; };
		87DCA4612446548B00ECAEF8 /* SceneDelegate.swift */ = {isa = PBXFileReference; lastKnownFileType = sourcecode.swift; path = SceneDelegate.swift; sourceTree = "<group>"; };
		87DCA4682446548C00ECAEF8 /* Assets.xcassets */ = {isa = PBXFileReference; lastKnownFileType = folder.assetcatalog; path = Assets.xcassets; sourceTree = "<group>"; };
		87DCA46B2446548C00ECAEF8 /* Base */ = {isa = PBXFileReference; lastKnownFileType = file.storyboard; name = Base; path = Base.lproj/LaunchScreen.storyboard; sourceTree = "<group>"; };
		87DCA46D2446548C00ECAEF8 /* Info.plist */ = {isa = PBXFileReference; lastKnownFileType = text.plist.xml; path = Info.plist; sourceTree = "<group>"; };
/* End PBXFileReference section */

/* Begin PBXFrameworksBuildPhase section */
		87DCA4592446548B00ECAEF8 /* Frameworks */ = {
			isa = PBXFrameworksBuildPhase;
			buildActionMask = 2147483647;
			files = (
			);
			runOnlyForDeploymentPostprocessing = 0;
		};
/* End PBXFrameworksBuildPhase section */

/* Begin PBXGroup section */
		87DCA4532446548B00ECAEF8 = {
			isa = PBXGroup;
			children = (
				87DCA45E2446548B00ECAEF8 /* HW39WKWebView */,
				87DCA45D2446548B00ECAEF8 /* Products */,
			);
			sourceTree = "<group>";
		};
		87DCA45D2446548B00ECAEF8 /* Products */ = {
			isa = PBXGroup;
			children = (
				87DCA45C2446548B00ECAEF8 /* HW39WKWebView.app */,
			);
			name = Products;
			sourceTree = "<group>";
		};
		87DCA45E2446548B00ECAEF8 /* HW39WKWebView */ = {
			isa = PBXGroup;
			children = (
				870C2ADA24468B1A0044516B /* FilesPDF */,
				877F780B2446861200447BCE /* WebTableViewController.swift */,
				870C2ADC24469C860044516B /* WebViewController.swift */,
				870C2ADE2446A2620044516B /* TypeRequestEnum.swift */,
				877F780D2446869500447BCE /* Section.swift */,
				87DCA45F2446548B00ECAEF8 /* AppDelegate.swift */,
				87DCA4612446548B00ECAEF8 /* SceneDelegate.swift */,
				87DCA4682446548C00ECAEF8 /* Assets.xcassets */,
				87DCA46A2446548C00ECAEF8 /* LaunchScreen.storyboard */,
				87DCA46D2446548C00ECAEF8 /* Info.plist */,
			);
			path = HW39WKWebView;
			sourceTree = "<group>";
		};
/* End PBXGroup section */

/* Begin PBXNativeTarget section */
		87DCA45B2446548B00ECAEF8 /* HW39WKWebView */ = {
			isa = PBXNativeTarget;
			buildConfigurationList = 87DCA4702446548C00ECAEF8 /* Build configuration list for PBXNativeTarget "HW39WKWebView" */;
			buildPhases = (
				87DCA4582446548B00ECAEF8 /* Sources */,
				87DCA4592446548B00ECAEF8 /* Frameworks */,
				87DCA45A2446548B00ECAEF8 /* Resources */,
			);
			buildRules = (
			);
			dependencies = (
			);
			name = HW39WKWebView;
			productName = HW39WKWebView;
			productReference = 87DCA45C2446548B00ECAEF8 /* HW39WKWebView.app */;
			productType = "com.apple.product-type.application";
		};
/* End PBXNativeTarget section */

/* Begin PBXProject section */
		87DCA4542446548B00ECAEF8 /* Project object */ = {
			isa = PBXProject;
			attributes = {
				LastSwiftUpdateCheck = 1140;
				LastUpgradeCheck = 1140;
				ORGANIZATIONNAME = Sergei;
				TargetAttributes = {
					87DCA45B2446548B00ECAEF8 = {
						CreatedOnToolsVersion = 11.4;
					};
				};
			};
			buildConfigurationList = 87DCA4572446548B00ECAEF8 /* Build configuration list for PBXProject "HW39WKWebView" */;
			compatibilityVersion = "Xcode 9.3";
			developmentRegion = en;
			hasScannedForEncodings = 0;
			knownRegions = (
				en,
				Base,
			);
			mainGroup = 87DCA4532446548B00ECAEF8;
			productRefGroup = 87DCA45D2446548B00ECAEF8 /* Products */;
			projectDirPath = "";
			projectRoot = "";
			targets = (
				87DCA45B2446548B00ECAEF8 /* HW39WKWebView */,
			);
		};
/* End PBXProject section */

/* Begin PBXResourcesBuildPhase section */
		87DCA45A2446548B00ECAEF8 /* Resources */ = {
			isa = PBXResourcesBuildPhase;
			buildActionMask = 2147483647;
			files = (
				87DCA46C2446548C00ECAEF8 /* LaunchScreen.storyboard in Resources */,
				870C2ADB24468B1A0044516B /* FilesPDF in Resources */,
				87DCA4692446548C00ECAEF8 /* Assets.xcassets in Resources */,
			);
			runOnlyForDeploymentPostprocessing = 0;
		};
/* End PBXResourcesBuildPhase section */

/* Begin PBXSourcesBuildPhase section */
		87DCA4582446548B00ECAEF8 /* Sources */ = {
			isa = PBXSourcesBuildPhase;
			buildActionMask = 2147483647;
			files = (
				870C2ADF2446A2620044516B /* TypeRequestEnum.swift in Sources */,
				877F780C2446861200447BCE /* WebTableViewController.swift in Sources */,
				877F780E2446869500447BCE /* Section.swift in Sources */,
				87DCA4602446548B00ECAEF8 /* AppDelegate.swift in Sources */,
				870C2ADD24469C860044516B /* WebViewController.swift in Sources */,
				87DCA4622446548B00ECAEF8 /* SceneDelegate.swift in Sources */,
			);
			runOnlyForDeploymentPostprocessing = 0;
		};
/* End PBXSourcesBuildPhase section */

/* Begin PBXVariantGroup section */
		87DCA46A2446548C00ECAEF8 /* LaunchScreen.storyboard */ = {
			isa = PBXVariantGroup;
			children = (
				87DCA46B2446548C00ECAEF8 /* Base */,
			);
			name = LaunchScreen.storyboard;
			sourceTree = "<group>";
		};
/* End PBXVariantGroup section */

/* Begin XCBuildConfiguration section */
		87DCA46E2446548C00ECAEF8 /* Debug */ = {
			isa = XCBuildConfiguration;
			buildSettings = {
				ALWAYS_SEARCH_USER_PATHS = NO;
				CLANG_ANALYZER_NONNULL = YES;
				CLANG_ANALYZER_NUMBER_OBJECT_CONVERSION = YES_AGGRESSIVE;
				CLANG_CXX_LANGUAGE_STANDARD = "gnu++14";
				CLANG_CXX_LIBRARY = "libc++";
				CLANG_ENABLE_MODULES = YES;
				CLANG_ENABLE_OBJC_ARC = YES;
				CLANG_ENABLE_OBJC_WEAK = YES;
				CLANG_WARN_BLOCK_CAPTURE_AUTORELEASING = YES;
				CLANG_WARN_BOOL_CONVERSION = YES;
				CLANG_WARN_COMMA = YES;
				CLANG_WARN_CONSTANT_CONVERSION = YES;
				CLANG_WARN_DEPRECATED_OBJC_IMPLEMENTATIONS = YES;
				CLANG_WARN_DIRECT_OBJC_ISA_USAGE = YES_ERROR;
				CLANG_WARN_DOCUMENTATION_COMMENTS = YES;
				CLANG_WARN_EMPTY_BODY = YES;
				CLANG_WARN_ENUM_CONVERSION = YES;
				CLANG_WARN_INFINITE_RECURSION = YES;
				CLANG_WARN_INT_CONVERSION = YES;
				CLANG_WARN_NON_LITERAL_NULL_CONVERSION = YES;
				CLANG_WARN_OBJC_IMPLICIT_RETAIN_SELF = YES;
				CLANG_WARN_OBJC_LITERAL_CONVERSION = YES;
				CLANG_WARN_OBJC_ROOT_CLASS = YES_ERROR;
				CLANG_WARN_RANGE_LOOP_ANALYSIS = YES;
				CLANG_WARN_STRICT_PROTOTYPES = YES;
				CLANG_WARN_SUSPICIOUS_MOVE = YES;
				CLANG_WARN_UNGUARDED_AVAILABILITY = YES_AGGRESSIVE;
				CLANG_WARN_UNREACHABLE_CODE = YES;
				CLANG_WARN__DUPLICATE_METHOD_MATCH = YES;
				COPY_PHASE_STRIP = NO;
				DEBUG_INFORMATION_FORMAT = dwarf;
				ENABLE_STRICT_OBJC_MSGSEND = YES;
				ENABLE_TESTABILITY = YES;
				GCC_C_LANGUAGE_STANDARD = gnu11;
				GCC_DYNAMIC_NO_PIC = NO;
				GCC_NO_COMMON_BLOCKS = YES;
				GCC_OPTIMIZATION_LEVEL = 0;
				GCC_PREPROCESSOR_DEFINITIONS = (
					"DEBUG=1",
					"$(inherited)",
				);
				GCC_WARN_64_TO_32_BIT_CONVERSION = YES;
				GCC_WARN_ABOUT_RETURN_TYPE = YES_ERROR;
				GCC_WARN_UNDECLARED_SELECTOR = YES;
				GCC_WARN_UNINITIALIZED_AUTOS = YES_AGGRESSIVE;
				GCC_WARN_UNUSED_FUNCTION = YES;
				GCC_WARN_UNUSED_VARIABLE = YES;
				IPHONEOS_DEPLOYMENT_TARGET = 13.4;
				MTL_ENABLE_DEBUG_INFO = INCLUDE_SOURCE;
				MTL_FAST_MATH = YES;
				ONLY_ACTIVE_ARCH = YES;
				SDKROOT = iphoneos;
				SWIFT_ACTIVE_COMPILATION_CONDITIONS = DEBUG;
				SWIFT_OPTIMIZATION_LEVEL = "-Onone";
			};
			name = Debug;
		};
		87DCA46F2446548C00ECAEF8 /* Release */ = {
			isa = XCBuildConfiguration;
			buildSettings = {
				ALWAYS_SEARCH_USER_PATHS = NO;
				CLANG_ANALYZER_NONNULL = YES;
				CLANG_ANALYZER_NUMBER_OBJECT_CONVERSION = YES_AGGRESSIVE;
				CLANG_CXX_LANGUAGE_STANDARD = "gnu++14";
				CLANG_CXX_LIBRARY = "libc++";
				CLANG_ENABLE_MODULES = YES;
				CLANG_ENABLE_OBJC_ARC = YES;
				CLANG_ENABLE_OBJC_WEAK = YES;
				CLANG_WARN_BLOCK_CAPTURE_AUTORELEASING = YES;
				CLANG_WARN_BOOL_CONVERSION = YES;
				CLANG_WARN_COMMA = YES;
				CLANG_WARN_CONSTANT_CONVERSION = YES;
				CLANG_WARN_DEPRECATED_OBJC_IMPLEMENTATIONS = YES;
				CLANG_WARN_DIRECT_OBJC_ISA_USAGE = YES_ERROR;
				CLANG_WARN_DOCUMENTATION_COMMENTS = YES;
				CLANG_WARN_EMPTY_BODY = YES;
				CLANG_WARN_ENUM_CONVERSION = YES;
				CLANG_WARN_INFINITE_RECURSION = YES;
				CLANG_WARN_INT_CONVERSION = YES;
				CLANG_WARN_NON_LITERAL_NULL_CONVERSION = YES;
				CLANG_WARN_OBJC_IMPLICIT_RETAIN_SELF = YES;
				CLANG_WARN_OBJC_LITERAL_CONVERSION = YES;
				CLANG_WARN_OBJC_ROOT_CLASS = YES_ERROR;
				CLANG_WARN_RANGE_LOOP_ANALYSIS = YES;
				CLANG_WARN_STRICT_PROTOTYPES = YES;
				CLANG_WARN_SUSPICIOUS_MOVE = YES;
				CLANG_WARN_UNGUARDED_AVAILABILITY = YES_AGGRESSIVE;
				CLANG_WARN_UNREACHABLE_CODE = YES;
				CLANG_WARN__DUPLICATE_METHOD_MATCH = YES;
				COPY_PHASE_STRIP = NO;
				DEBUG_INFORMATION_FORMAT = "dwarf-with-dsym";
				ENABLE_NS_ASSERTIONS = NO;
				ENABLE_STRICT_OBJC_MSGSEND = YES;
				GCC_C_LANGUAGE_STANDARD = gnu11;
				GCC_NO_COMMON_BLOCKS = YES;
				GCC_WARN_64_TO_32_BIT_CONVERSION = YES;
				GCC_WARN_ABOUT_RETURN_TYPE = YES_ERROR;
				GCC_WARN_UNDECLARED_SELECTOR = YES;
				GCC_WARN_UNINITIALIZED_AUTOS = YES_AGGRESSIVE;
				GCC_WARN_UNUSED_FUNCTION = YES;
				GCC_WARN_UNUSED_VARIABLE = YES;
				IPHONEOS_DEPLOYMENT_TARGET = 13.4;
				MTL_ENABLE_DEBUG_INFO = NO;
				MTL_FAST_MATH = YES;
				SDKROOT = iphoneos;
				SWIFT_COMPILATION_MODE = wholemodule;
				SWIFT_OPTIMIZATION_LEVEL = "-O";
				VALIDATE_PRODUCT = YES;
			};
			name = Release;
		};
		87DCA4712446548C00ECAEF8 /* Debug */ = {
			isa = XCBuildConfiguration;
			buildSettings = {
				ASSETCATALOG_COMPILER_APPICON_NAME = AppIcon;
				CODE_SIGN_STYLE = Automatic;
				INFOPLIST_FILE = HW39WKWebView/Info.plist;
				LD_RUNPATH_SEARCH_PATHS = (
					"$(inherited)",
					"@executable_path/Frameworks",
				);
				PRODUCT_BUNDLE_IDENTIFIER = SergeyBey.HW39WKWebView;
				PRODUCT_NAME = "$(TARGET_NAME)";
				SWIFT_VERSION = 5.0;
				TARGETED_DEVICE_FAMILY = "1,2";
			};
			name = Debug;
		};
		87DCA4722446548C00ECAEF8 /* Release */ = {
			isa = XCBuildConfiguration;
			buildSettings = {
				ASSETCATALOG_COMPILER_APPICON_NAME = AppIcon;
				CODE_SIGN_STYLE = Automatic;
				INFOPLIST_FILE = HW39WKWebView/Info.plist;
				LD_RUNPATH_SEARCH_PATHS = (
					"$(inherited)",
					"@executable_path/Frameworks",
				);
				PRODUCT_BUNDLE_IDENTIFIER = SergeyBey.HW39WKWebView;
				PRODUCT_NAME = "$(TARGET_NAME)";
				SWIFT_VERSION = 5.0;
				TARGETED_DEVICE_FAMILY = "1,2";
			};
			name = Release;
		};
/* End XCBuildConfiguration section */

/* Begin XCConfigurationList section */
		87DCA4572446548B00ECAEF8 /* Build configuration list for PBXProject "HW39WKWebView" */ = {
			isa = XCConfigurationList;
			buildConfigurations = (
				87DCA46E2446548C00ECAEF8 /* Debug */,
				87DCA46F2446548C00ECAEF8 /* Release */,
			);
			defaultConfigurationIsVisible = 0;
			defaultConfigurationName = Release;
		};
		87DCA4702446548C00ECAEF8 /* Build configuration list for PBXNativeTarget "HW39WKWebView" */ = {
			isa = XCConfigurationList;
			buildConfigurations = (
				87DCA4712446548C00ECAEF8 /* Debug */,
				87DCA4722446548C00ECAEF8 /* Release */,
			);
			defaultConfigurationIsVisible = 0;
			defaultConfigurationName = Release;
		};
/* End XCConfigurationList section */
	};
	rootObject = 87DCA4542446548B00ECAEF8 /* Project object */;
}
